
Microsoft Visual Studio Solution File, Format Version 12.00
# Visual Studio Version 16
VisualStudioVersion = 16.0.31613.86
MinimumVisualStudioVersion = 10.0.40219.1
Project("{FAE04EC0-301F-11D3-BF4B-00C04F79EFBC}") = "LibraryAPI", "LibraryProject\LibraryAPI.csproj", "{9905FD31-BC80-4BE2-A2D5-8C8E1F3734B5}"
EndProject
Project("{FAE04EC0-301F-11D3-BF4B-00C04F79EFBC}") = "LibraryCore", "LibraryCore\LibraryCore.csproj", "{43DA301F-FA78-40D5-A732-339B0DC6441A}"
EndProject
Project("{2150E333-8FDC-42A3-9474-1A3956D46DE8}") = "Core", "Core", "{CB732F6C-B524-4438-93AF-3E7298BB2EE1}"
EndProject
Project("{FAE04EC0-301F-11D3-BF4B-00C04F79EFBC}") = "LibraryInfrastructure", "LibraryInfrastructure\LibraryInfrastructure.csproj", "{AB2B9357-840C-4965-AF2A-13207C1EB5C7}"
EndProject
Project("{2150E333-8FDC-42A3-9474-1A3956D46DE8}") = "Library", "Library", "{58BC01E9-61F7-46E7-A600-C863876575FE}"
EndProject
Project("{FAE04EC0-301F-11D3-BF4B-00C04F79EFBC}") = "LibraryApplication", "LibraryApplication\LibraryApplication.csproj", "{FC591F7E-0F68-4055-8619-B6C5B9B89B8F}"
EndProject
Global
	GlobalSection(SolutionConfigurationPlatforms) = preSolution
		Debug|Any CPU = Debug|Any CPU
		Release|Any CPU = Release|Any CPU
	EndGlobalSection
	GlobalSection(ProjectConfigurationPlatforms) = postSolution
		{9905FD31-BC80-4BE2-A2D5-8C8E1F3734B5}.Debug|Any CPU.ActiveCfg = Debug|Any CPU
		{9905FD31-BC80-4BE2-A2D5-8C8E1F3734B5}.Debug|Any CPU.Build.0 = Debug|Any CPU
		{9905FD31-BC80-4BE2-A2D5-8C8E1F3734B5}.Release|Any CPU.ActiveCfg = Release|Any CPU
		{9905FD31-BC80-4BE2-A2D5-8C8E1F3734B5}.Release|Any CPU.Build.0 = Release|Any CPU
		{43DA301F-FA78-40D5-A732-339B0DC6441A}.Debug|Any CPU.ActiveCfg = Debug|Any CPU
		{43DA301F-FA78-40D5-A732-339B0DC6441A}.Debug|Any CPU.Build.0 = Debug|Any CPU
		{43DA301F-FA78-40D5-A732-339B0DC6441A}.Release|Any CPU.ActiveCfg = Release|Any CPU
		{43DA301F-FA78-40D5-A732-339B0DC6441A}.Release|Any CPU.Build.0 = Release|Any CPU
		{AB2B9357-840C-4965-AF2A-13207C1EB5C7}.Debug|Any CPU.ActiveCfg = Debug|Any CPU
		{AB2B9357-840C-4965-AF2A-13207C1EB5C7}.Debug|Any CPU.Build.0 = Debug|Any CPU
		{AB2B9357-840C-4965-AF2A-13207C1EB5C7}.Release|Any CPU.ActiveCfg = Release|Any CPU
		{AB2B9357-840C-4965-AF2A-13207C1EB5C7}.Release|Any CPU.Build.0 = Release|Any CPU
		{FC591F7E-0F68-4055-8619-B6C5B9B89B8F}.Debug|Any CPU.ActiveCfg = Debug|Any CPU
		{FC591F7E-0F68-4055-8619-B6C5B9B89B8F}.Debug|Any CPU.Build.0 = Debug|Any CPU
		{FC591F7E-0F68-4055-8619-B6C5B9B89B8F}.Release|Any CPU.ActiveCfg = Release|Any CPU
		{FC591F7E-0F68-4055-8619-B6C5B9B89B8F}.Release|Any CPU.Build.0 = Release|Any CPU
	EndGlobalSection
	GlobalSection(SolutionProperties) = preSolution
		HideSolutionNode = FALSE
	EndGlobalSection
	GlobalSection(NestedProjects) = preSolution
		{9905FD31-BC80-4BE2-A2D5-8C8E1F3734B5} = {58BC01E9-61F7-46E7-A600-C863876575FE}
		{43DA301F-FA78-40D5-A732-339B0DC6441A} = {CB732F6C-B524-4438-93AF-3E7298BB2EE1}
		{AB2B9357-840C-4965-AF2A-13207C1EB5C7} = {CB732F6C-B524-4438-93AF-3E7298BB2EE1}
		{FC591F7E-0F68-4055-8619-B6C5B9B89B8F} = {58BC01E9-61F7-46E7-A600-C863876575FE}
	EndGlobalSection
	GlobalSection(ExtensibilityGlobals) = postSolution
		SolutionGuid = {BD512315-28C3-4A1D-AB47-1D4D7DB7E62F}
	EndGlobalSection
EndGlobal
